# This file is autogenerated, do not edit; changes may be undone by the next 'dep ensure'.


[[projects]]
  branch = "master"
  digest = "1:1120f960f5c334f0f94bad29eefaf73d52d226893369693686148f66c1993f15"
  name = "github.com/gin-contrib/sse"
  packages = ["."]
  pruneopts = ""
  revision = "22d885f9ecc78bf4ee5d72b937e4bbcdc58e8cae"

[[projects]]
  digest = "1:348ceb76f2ac958e541e4ba3190484b68df28c38ac9720ed4ef8d36af69ce52e"
  name = "github.com/gin-gonic/gin"
  packages = [
    ".",
    "binding",
    "render",
  ]
  pruneopts = ""
  revision = "d459835d2b077e44f7c9b453505ee29881d5d12d"
  version = "v1.2"

[[projects]]
  digest = "1:bcb38c8fc9b21bb8682ce2d605a7d4aeb618abc7f827e3ac0b27c0371fdb23fb"
  name = "github.com/golang/protobuf"
  packages = ["proto"]
  pruneopts = ""
  revision = "925541529c1fa6821df4e44ce2723319eb2be768"
  version = "v1.0.0"

[[projects]]
  digest = "1:edc7f32f84f8ec8d826bb6621430653effd05076cf4e18500b350111ebcc0130"
  name = "github.com/json-iterator/go"
  packages = ["."]
  pruneopts = ""
  revision = "3353055b2a1a5ae1b6a8dfde887a524e7088f3a2"
  version = "1.1.2"

[[projects]]
  digest = "1:fd0d89985159fc265aa9fc8bb2ccb1fdd489728b43549b4aa439e67e4fdfb8eb"
  name = "github.com/labstack/echo"
  packages = ["."]
  pruneopts = ""
  revision = "7f44549f0216124806cf63a3a546bb5996d21a89"
  version = "3.3.3"

[[projects]]
  digest = "1:9622ab29108ef218dc18937940701d639c96ffe4617f0abb80fd2a7d02110491"
  name = "github.com/labstack/gommon"
  packages = [
    "color",
    "log",
  ]
  pruneopts = ""
  revision = "6fe1405d73ec4bd4cd8a4ac8e2a2b2bf95d03954"
  version = "0.2.4"

[[projects]]
  digest = "1:9ea83adf8e96d6304f394d40436f2eb44c1dc3250d223b74088cc253a6cd0a1c"
  name = "github.com/mattn/go-colorable"
  packages = ["."]
  pruneopts = ""
  revision = "167de6bfdfba052fa6b2d3664c8f5272e23c9072"
  version = "v0.0.9"

[[projects]]
  digest = "1:78229b46ddb7434f881390029bd1af7661294af31f6802e0e1bedaad4ab0af3c"
  name = "github.com/mattn/go-isatty"
  packages = ["."]
  pruneopts = ""
  revision = "0360b2af4f38e8d38c7fce2a9f4e702702d73a39"
  version = "v0.0.3"

[[projects]]
  digest = "1:0c0ff2a89c1bb0d01887e1dac043ad7efbf3ec77482ef058ac423d13497e16fd"
  name = "github.com/modern-go/concurrent"
  packages = ["."]
  pruneopts = ""
  revision = "bacd9c7ef1dd9b15be4a9909b8ac7a4e313eec94"
  version = "1.0.3"

[[projects]]
  digest = "1:420f9231f816eeca3ff5aab070caac3ed7f27e4d37ded96ce9de3d7a7a2e31ad"
  name = "github.com/modern-go/reflect2"
  packages = ["."]
  pruneopts = ""
  revision = "1df9eeb2bb81f327b96228865c5687bc2194af3f"
  version = "1.0.0"

[[projects]]
  digest = "1:9924ebd2e0ff9b4c92cbb82838d776b5913295bcfeaffd5f3c36e55b845f1d7f"
  name = "github.com/ugorji/go"
  packages = ["codec"]
  pruneopts = ""
  revision = "9831f2c3ac1068a78f50999a30db84270f647af6"
  version = "v1.1"

[[projects]]
  branch = "master"
  digest = "1:857a9ecd5cb13379ecc8f798f6e6b6b574c98b9355657d91e068275f1120aaf7"
  name = "github.com/valyala/bytebufferpool"
  packages = ["."]
  pruneopts = ""
  revision = "e746df99fe4a3986f4d4f79e13c1e0117ce9c2f7"

[[projects]]
  branch = "master"
  digest = "1:bf6f8915c0338e875383cb7fdebd58a4d360a232f461d9a029d7ccb12f90c5d7"
  name = "github.com/valyala/fasttemplate"
  packages = ["."]
  pruneopts = ""
  revision = "dcecefd839c4193db0d35b88ec65b4c12d360ab0"

[[projects]]
  branch = "master"
  digest = "1:fde17ce26d4ab270f5a6e5bcb19a836ca01edca41780973e4ba14fa15d1a1b36"
  name = "golang.org/x/crypto"
  packages = [
    "acme",
    "acme/autocert",
  ]
  pruneopts = ""
  revision = "21652f85b0fdddb6c2b6b77a5beca5c5a908174a"

[[projects]]
  branch = "master"
  digest = "1:5a9b5eef9d0882e25eb8d18ee2f7d66e542c9726a0d2997009a1f652bb076ecf"
  name = "golang.org/x/sys"
  packages = ["unix"]
  pruneopts = ""
  revision = "89ac7f292d17a339edab4de8efcba5d8672ff661"

[[projects]]
  digest = "1:dd549e360e5a8f982a28c2bcbe667307ceffe538ed9afc7c965524f1ac285b3f"
  name = "gopkg.in/go-playground/validator.v8"
  packages = ["."]
  pruneopts = ""
  revision = "5f1438d3fca68893a817e4a66806cea46a9e4ebf"
  version = "v8.18.2"

[[projects]]
  digest = "1:5fe876313b07628905b2181e537faabe45032cb9c79c01b49b51c25a0a40040d"
  name = "gopkg.in/yaml.v2"
  packages = ["."]
  pruneopts = ""
  revision = "7f97868eec74b32b0982dd158a51a446d1da7eb5"
  version = "v2.1.1"

[solve-meta]
  analyzer-name = "dep"
  analyzer-version = 1
  input-imports = [
    "github.com/gin-gonic/gin",
    "github.com/labstack/echo",
  ]
  solver-name = "gps-cdcl"
  solver-version = 1
